
Microsoft Visual Studio Solution File, Format Version 12.00
# Visual Studio 2012
Project("{FAE04EC0-301F-11D3-BF4B-00C04F79EFBC}") = "show22", "show22\show22.csproj", "{736F39F1-A9F6-41B6-850C-851D95E79CBE}"
EndProject
Global
	GlobalSection(SolutionConfigurationPlatforms) = preSolution
		Debug|Any CPU = Debug|Any CPU
		Release|Any CPU = Release|Any CPU
	EndGlobalSection
	GlobalSection(ProjectConfigurationPlatforms) = postSolution
		{736F39F1-A9F6-41B6-850C-851D95E79CBE}.Debug|Any CPU.ActiveCfg = Debug|Any CPU
		{736F39F1-A9F6-41B6-850C-851D95E79CBE}.Debug|Any CPU.Build.0 = Debug|Any CPU
		{736F39F1-A9F6-41B6-850C-851D95E79CBE}.Release|Any CPU.ActiveCfg = Release|Any CPU
		{736F39F1-A9F6-41B6-850C-851D95E79CBE}.Release|Any CPU.Build.0 = Release|Any CPU
	EndGlobalSection
	GlobalSection(SolutionProperties) = preSolution
		HideSolutionNode = FALSE
	EndGlobalSection
EndGlobal
