
Microsoft Visual Studio Solution File, Format Version 12.00
# Visual Studio Version 16
VisualStudioVersion = 16.0.32510.428
MinimumVisualStudioVersion = 10.0.40219.1
Project("{FAE04EC0-301F-11D3-BF4B-00C04F79EFBC}") = "Episode25-store-picture-database", "Episode25-store-picture-database.csproj", "{140475A7-98B7-4491-909F-18C249E6E6D2}"
EndProject
Global
	GlobalSection(SolutionConfigurationPlatforms) = preSolution
		Debug|Any CPU = Debug|Any CPU
		Release|Any CPU = Release|Any CPU
	EndGlobalSection
	GlobalSection(ProjectConfigurationPlatforms) = postSolution
		{140475A7-98B7-4491-909F-18C249E6E6D2}.Debug|Any CPU.ActiveCfg = Debug|Any CPU
		{140475A7-98B7-4491-909F-18C249E6E6D2}.Debug|Any CPU.Build.0 = Debug|Any CPU
		{140475A7-98B7-4491-909F-18C249E6E6D2}.Release|Any CPU.ActiveCfg = Release|Any CPU
		{140475A7-98B7-4491-909F-18C249E6E6D2}.Release|Any CPU.Build.0 = Release|Any CPU
	EndGlobalSection
	GlobalSection(SolutionProperties) = preSolution
		HideSolutionNode = FALSE
	EndGlobalSection
	GlobalSection(ExtensibilityGlobals) = postSolution
		SolutionGuid = {8B4EEACC-3A80-49C7-9628-CE5987DE1BDD}
	EndGlobalSection
EndGlobal
