
Microsoft Visual Studio Solution File, Format Version 12.00
# Visual Studio 2012
Project("{FAE04EC0-301F-11D3-BF4B-00C04F79EFBC}") = "show23", "show23\show23.csproj", "{FB35D0BA-5F26-4653-BC31-6D46196C9945}"
EndProject
Global
	GlobalSection(SolutionConfigurationPlatforms) = preSolution
		Debug|Any CPU = Debug|Any CPU
		Release|Any CPU = Release|Any CPU
	EndGlobalSection
	GlobalSection(ProjectConfigurationPlatforms) = postSolution
		{FB35D0BA-5F26-4653-BC31-6D46196C9945}.Debug|Any CPU.ActiveCfg = Debug|Any CPU
		{FB35D0BA-5F26-4653-BC31-6D46196C9945}.Debug|Any CPU.Build.0 = Debug|Any CPU
		{FB35D0BA-5F26-4653-BC31-6D46196C9945}.Release|Any CPU.ActiveCfg = Release|Any CPU
		{FB35D0BA-5F26-4653-BC31-6D46196C9945}.Release|Any CPU.Build.0 = Release|Any CPU
	EndGlobalSection
	GlobalSection(SolutionProperties) = preSolution
		HideSolutionNode = FALSE
	EndGlobalSection
EndGlobal
