
Microsoft Visual Studio Solution File, Format Version 12.00
# Visual Studio Version 16
VisualStudioVersion = 16.0.32002.261
MinimumVisualStudioVersion = 10.0.40219.1
Project("{FAE04EC0-301F-11D3-BF4B-00C04F79EFBC}") = "Episode10-Inheritance", "Episode10-Inheritance.csproj", "{8B16323C-1ED9-42CC-BD26-B5DBD1A064AD}"
EndProject
Global
	GlobalSection(SolutionConfigurationPlatforms) = preSolution
		Debug|Any CPU = Debug|Any CPU
		Release|Any CPU = Release|Any CPU
	EndGlobalSection
	GlobalSection(ProjectConfigurationPlatforms) = postSolution
		{8B16323C-1ED9-42CC-BD26-B5DBD1A064AD}.Debug|Any CPU.ActiveCfg = Debug|Any CPU
		{8B16323C-1ED9-42CC-BD26-B5DBD1A064AD}.Debug|Any CPU.Build.0 = Debug|Any CPU
		{8B16323C-1ED9-42CC-BD26-B5DBD1A064AD}.Release|Any CPU.ActiveCfg = Release|Any CPU
		{8B16323C-1ED9-42CC-BD26-B5DBD1A064AD}.Release|Any CPU.Build.0 = Release|Any CPU
	EndGlobalSection
	GlobalSection(SolutionProperties) = preSolution
		HideSolutionNode = FALSE
	EndGlobalSection
	GlobalSection(ExtensibilityGlobals) = postSolution
		SolutionGuid = {0CCDC27C-F34E-40D2-BEB8-BEE4772F4FDB}
	EndGlobalSection
EndGlobal
