
Microsoft Visual Studio Solution File, Format Version 12.00
# Visual Studio Version 16
VisualStudioVersion = 16.0.32228.343
MinimumVisualStudioVersion = 10.0.40219.1
Project("{FAE04EC0-301F-11D3-BF4B-00C04F79EFBC}") = "Episode20-redo-code", "Episode20-redo-code.csproj", "{2138FF26-8044-4911-80EC-B28E96BB575C}"
EndProject
Global
	GlobalSection(SolutionConfigurationPlatforms) = preSolution
		Debug|Any CPU = Debug|Any CPU
		Release|Any CPU = Release|Any CPU
	EndGlobalSection
	GlobalSection(ProjectConfigurationPlatforms) = postSolution
		{2138FF26-8044-4911-80EC-B28E96BB575C}.Debug|Any CPU.ActiveCfg = Debug|Any CPU
		{2138FF26-8044-4911-80EC-B28E96BB575C}.Debug|Any CPU.Build.0 = Debug|Any CPU
		{2138FF26-8044-4911-80EC-B28E96BB575C}.Release|Any CPU.ActiveCfg = Release|Any CPU
		{2138FF26-8044-4911-80EC-B28E96BB575C}.Release|Any CPU.Build.0 = Release|Any CPU
	EndGlobalSection
	GlobalSection(SolutionProperties) = preSolution
		HideSolutionNode = FALSE
	EndGlobalSection
	GlobalSection(ExtensibilityGlobals) = postSolution
		SolutionGuid = {FC8F3B1B-BF48-411C-BEE7-89C27A6854C7}
	EndGlobalSection
EndGlobal
