
Microsoft Visual Studio Solution File, Format Version 12.00
# Visual Studio Version 16
VisualStudioVersion = 16.0.31729.503
MinimumVisualStudioVersion = 10.0.40219.1
Project("{FAE04EC0-301F-11D3-BF4B-00C04F79EFBC}") = "First Show", "First Show\First Show.csproj", "{BD987609-2A7D-4FFE-AD51-1EBE5F3D191C}"
EndProject
Global
	GlobalSection(SolutionConfigurationPlatforms) = preSolution
		Debug|Any CPU = Debug|Any CPU
		Release|Any CPU = Release|Any CPU
	EndGlobalSection
	GlobalSection(ProjectConfigurationPlatforms) = postSolution
		{BD987609-2A7D-4FFE-AD51-1EBE5F3D191C}.Debug|Any CPU.ActiveCfg = Debug|Any CPU
		{BD987609-2A7D-4FFE-AD51-1EBE5F3D191C}.Debug|Any CPU.Build.0 = Debug|Any CPU
		{BD987609-2A7D-4FFE-AD51-1EBE5F3D191C}.Release|Any CPU.ActiveCfg = Release|Any CPU
		{BD987609-2A7D-4FFE-AD51-1EBE5F3D191C}.Release|Any CPU.Build.0 = Release|Any CPU
	EndGlobalSection
	GlobalSection(SolutionProperties) = preSolution
		HideSolutionNode = FALSE
	EndGlobalSection
	GlobalSection(ExtensibilityGlobals) = postSolution
		SolutionGuid = {1409C26C-8C94-4115-863E-8DECCABA4C87}
	EndGlobalSection
EndGlobal
