
Microsoft Visual Studio Solution File, Format Version 12.00
# Visual Studio Version 16
VisualStudioVersion = 16.0.31729.503
MinimumVisualStudioVersion = 10.0.40219.1
Project("{FAE04EC0-301F-11D3-BF4B-00C04F79EFBC}") = "Epiose9-PictureBox", "Epiose9-PictureBox.csproj", "{1ABF7884-E650-43B3-B071-A1D8D7D6A600}"
EndProject
Global
	GlobalSection(SolutionConfigurationPlatforms) = preSolution
		Debug|Any CPU = Debug|Any CPU
		Release|Any CPU = Release|Any CPU
	EndGlobalSection
	GlobalSection(ProjectConfigurationPlatforms) = postSolution
		{1ABF7884-E650-43B3-B071-A1D8D7D6A600}.Debug|Any CPU.ActiveCfg = Debug|Any CPU
		{1ABF7884-E650-43B3-B071-A1D8D7D6A600}.Debug|Any CPU.Build.0 = Debug|Any CPU
		{1ABF7884-E650-43B3-B071-A1D8D7D6A600}.Release|Any CPU.ActiveCfg = Release|Any CPU
		{1ABF7884-E650-43B3-B071-A1D8D7D6A600}.Release|Any CPU.Build.0 = Release|Any CPU
	EndGlobalSection
	GlobalSection(SolutionProperties) = preSolution
		HideSolutionNode = FALSE
	EndGlobalSection
	GlobalSection(ExtensibilityGlobals) = postSolution
		SolutionGuid = {124C7FE8-0D61-41A1-B6F4-B490F07392E7}
	EndGlobalSection
EndGlobal
