
Microsoft Visual Studio Solution File, Format Version 12.00
# Visual Studio 2012
Project("{FAE04EC0-301F-11D3-BF4B-00C04F79EFBC}") = "show20", "show20\show20.csproj", "{C367FFBA-BF1C-49F5-9DA9-2355E0D2A7B0}"
EndProject
Global
	GlobalSection(SolutionConfigurationPlatforms) = preSolution
		Debug|Any CPU = Debug|Any CPU
		Release|Any CPU = Release|Any CPU
	EndGlobalSection
	GlobalSection(ProjectConfigurationPlatforms) = postSolution
		{C367FFBA-BF1C-49F5-9DA9-2355E0D2A7B0}.Debug|Any CPU.ActiveCfg = Debug|Any CPU
		{C367FFBA-BF1C-49F5-9DA9-2355E0D2A7B0}.Debug|Any CPU.Build.0 = Debug|Any CPU
		{C367FFBA-BF1C-49F5-9DA9-2355E0D2A7B0}.Release|Any CPU.ActiveCfg = Release|Any CPU
		{C367FFBA-BF1C-49F5-9DA9-2355E0D2A7B0}.Release|Any CPU.Build.0 = Release|Any CPU
	EndGlobalSection
	GlobalSection(SolutionProperties) = preSolution
		HideSolutionNode = FALSE
	EndGlobalSection
EndGlobal
