
Microsoft Visual Studio Solution File, Format Version 12.00
# Visual Studio Version 16
VisualStudioVersion = 16.0.32228.343
MinimumVisualStudioVersion = 10.0.40219.1
Project("{FAE04EC0-301F-11D3-BF4B-00C04F79EFBC}") = "Episode20-data-report", "Episode20-data-report.csproj", "{05E7BAD0-A5BC-4744-93C8-B06193049A36}"
EndProject
Global
	GlobalSection(SolutionConfigurationPlatforms) = preSolution
		Debug|Any CPU = Debug|Any CPU
		Release|Any CPU = Release|Any CPU
	EndGlobalSection
	GlobalSection(ProjectConfigurationPlatforms) = postSolution
		{05E7BAD0-A5BC-4744-93C8-B06193049A36}.Debug|Any CPU.ActiveCfg = Debug|Any CPU
		{05E7BAD0-A5BC-4744-93C8-B06193049A36}.Debug|Any CPU.Build.0 = Debug|Any CPU
		{05E7BAD0-A5BC-4744-93C8-B06193049A36}.Release|Any CPU.ActiveCfg = Release|Any CPU
		{05E7BAD0-A5BC-4744-93C8-B06193049A36}.Release|Any CPU.Build.0 = Release|Any CPU
	EndGlobalSection
	GlobalSection(SolutionProperties) = preSolution
		HideSolutionNode = FALSE
	EndGlobalSection
	GlobalSection(ExtensibilityGlobals) = postSolution
		SolutionGuid = {FB06AF45-597B-47CF-858A-5879E5120E95}
	EndGlobalSection
EndGlobal
