
Microsoft Visual Studio Solution File, Format Version 12.00
# Visual Studio Version 16
VisualStudioVersion = 16.0.32002.261
MinimumVisualStudioVersion = 10.0.40219.1
Project("{FAE04EC0-301F-11D3-BF4B-00C04F79EFBC}") = "Episode11", "Episode11.csproj", "{CFD6AB76-6404-40AC-A2AD-A9AD8C44C183}"
EndProject
Global
	GlobalSection(SolutionConfigurationPlatforms) = preSolution
		Debug|Any CPU = Debug|Any CPU
		Release|Any CPU = Release|Any CPU
	EndGlobalSection
	GlobalSection(ProjectConfigurationPlatforms) = postSolution
		{CFD6AB76-6404-40AC-A2AD-A9AD8C44C183}.Debug|Any CPU.ActiveCfg = Debug|Any CPU
		{CFD6AB76-6404-40AC-A2AD-A9AD8C44C183}.Debug|Any CPU.Build.0 = Debug|Any CPU
		{CFD6AB76-6404-40AC-A2AD-A9AD8C44C183}.Release|Any CPU.ActiveCfg = Release|Any CPU
		{CFD6AB76-6404-40AC-A2AD-A9AD8C44C183}.Release|Any CPU.Build.0 = Release|Any CPU
	EndGlobalSection
	GlobalSection(SolutionProperties) = preSolution
		HideSolutionNode = FALSE
	EndGlobalSection
	GlobalSection(ExtensibilityGlobals) = postSolution
		SolutionGuid = {3EB9017D-CC18-44AC-A6AB-BDC2CC235D9D}
	EndGlobalSection
EndGlobal
