
Microsoft Visual Studio Solution File, Format Version 12.00
# Visual Studio Version 16
VisualStudioVersion = 16.0.32413.511
MinimumVisualStudioVersion = 10.0.40219.1
Project("{FAE04EC0-301F-11D3-BF4B-00C04F79EFBC}") = "Episode23-using-undataboun", "Episode23-using-undataboun.csproj", "{8EBD9F11-63B4-4D08-BA90-27A60B9EB9BF}"
EndProject
Global
	GlobalSection(SolutionConfigurationPlatforms) = preSolution
		Debug|Any CPU = Debug|Any CPU
		Release|Any CPU = Release|Any CPU
	EndGlobalSection
	GlobalSection(ProjectConfigurationPlatforms) = postSolution
		{8EBD9F11-63B4-4D08-BA90-27A60B9EB9BF}.Debug|Any CPU.ActiveCfg = Debug|Any CPU
		{8EBD9F11-63B4-4D08-BA90-27A60B9EB9BF}.Debug|Any CPU.Build.0 = Debug|Any CPU
		{8EBD9F11-63B4-4D08-BA90-27A60B9EB9BF}.Release|Any CPU.ActiveCfg = Release|Any CPU
		{8EBD9F11-63B4-4D08-BA90-27A60B9EB9BF}.Release|Any CPU.Build.0 = Release|Any CPU
	EndGlobalSection
	GlobalSection(SolutionProperties) = preSolution
		HideSolutionNode = FALSE
	EndGlobalSection
	GlobalSection(ExtensibilityGlobals) = postSolution
		SolutionGuid = {19B24B86-C81C-447E-82EE-2694B1D75B67}
	EndGlobalSection
EndGlobal
